
Microsoft Visual Studio Solution File, Format Version 12.00
# Visual Studio 15
VisualStudioVersion = 15.0.28010.2036
MinimumVisualStudioVersion = 10.0.40219.1
Project("{8BC9CEB8-8B4A-11D0-8D11-00A0C91BC942}") = "Loader", "Loader\Loader.vcxproj", "{7081048A-564D-4568-B029-C74666E3D3CF}"
EndProject
Project("{8BC9CEB8-8B4A-11D0-8D11-00A0C91BC942}") = "memory_dll", "memory_dll\memory_dll.vcxproj", "{DB61FE3A-C7AC-400C-90DB-BC6494EC80B4}"
EndProject
Project("{8BC9CEB8-8B4A-11D0-8D11-00A0C91BC942}") = "test", "test\test.vcxproj", "{5E2376B4-545D-41F7-9F6E-986E83A47868}"
EndProject
Global
	GlobalSection(SolutionConfigurationPlatforms) = preSolution
		Debug|x64 = Debug|x64
		Debug|x86 = Debug|x86
		Release|x64 = Release|x64
		Release|x86 = Release|x86
	EndGlobalSection
	GlobalSection(ProjectConfigurationPlatforms) = postSolution
		{7081048A-564D-4568-B029-C74666E3D3CF}.Debug|x64.ActiveCfg = Debug|x64
		{7081048A-564D-4568-B029-C74666E3D3CF}.Debug|x64.Build.0 = Debug|x64
		{7081048A-564D-4568-B029-C74666E3D3CF}.Debug|x86.ActiveCfg = Debug|Win32
		{7081048A-564D-4568-B029-C74666E3D3CF}.Debug|x86.Build.0 = Debug|Win32
		{7081048A-564D-4568-B029-C74666E3D3CF}.Release|x64.ActiveCfg = Release|x64
		{7081048A-564D-4568-B029-C74666E3D3CF}.Release|x64.Build.0 = Release|x64
		{7081048A-564D-4568-B029-C74666E3D3CF}.Release|x86.ActiveCfg = Release|Win32
		{7081048A-564D-4568-B029-C74666E3D3CF}.Release|x86.Build.0 = Release|Win32
		{DB61FE3A-C7AC-400C-90DB-BC6494EC80B4}.Debug|x64.ActiveCfg = Debug|x64
		{DB61FE3A-C7AC-400C-90DB-BC6494EC80B4}.Debug|x64.Build.0 = Debug|x64
		{DB61FE3A-C7AC-400C-90DB-BC6494EC80B4}.Debug|x86.ActiveCfg = Debug|Win32
		{DB61FE3A-C7AC-400C-90DB-BC6494EC80B4}.Debug|x86.Build.0 = Debug|Win32
		{DB61FE3A-C7AC-400C-90DB-BC6494EC80B4}.Release|x64.ActiveCfg = Release|x64
		{DB61FE3A-C7AC-400C-90DB-BC6494EC80B4}.Release|x64.Build.0 = Release|x64
		{DB61FE3A-C7AC-400C-90DB-BC6494EC80B4}.Release|x86.ActiveCfg = Release|Win32
		{DB61FE3A-C7AC-400C-90DB-BC6494EC80B4}.Release|x86.Build.0 = Release|Win32
		{5E2376B4-545D-41F7-9F6E-986E83A47868}.Debug|x64.ActiveCfg = Debug|x64
		{5E2376B4-545D-41F7-9F6E-986E83A47868}.Debug|x64.Build.0 = Debug|x64
		{5E2376B4-545D-41F7-9F6E-986E83A47868}.Debug|x86.ActiveCfg = Debug|Win32
		{5E2376B4-545D-41F7-9F6E-986E83A47868}.Debug|x86.Build.0 = Debug|Win32
		{5E2376B4-545D-41F7-9F6E-986E83A47868}.Release|x64.ActiveCfg = Release|x64
		{5E2376B4-545D-41F7-9F6E-986E83A47868}.Release|x64.Build.0 = Release|x64
		{5E2376B4-545D-41F7-9F6E-986E83A47868}.Release|x86.ActiveCfg = Release|Win32
		{5E2376B4-545D-41F7-9F6E-986E83A47868}.Release|x86.Build.0 = Release|Win32
	EndGlobalSection
	GlobalSection(SolutionProperties) = preSolution
		HideSolutionNode = FALSE
	EndGlobalSection
	GlobalSection(ExtensibilityGlobals) = postSolution
		SolutionGuid = {A8DCD97A-BAE8-48D7-853B-B42B12E18350}
	EndGlobalSection
EndGlobal
